
Microsoft Visual Studio Solution File, Format Version 12.00
# Visual Studio 14
VisualStudioVersion = 14.0.23107.0
Project("{FAE04EC0-301F-11D3-BF4B-00C04F79EFBC}") = "flashing_window", "flashing_window\flashing_window.csproj", "{1E220B06-17A9-4F38-9CDA-BCD858F5C856}"
EndProject
Global
	GlobalSection(SolutionConfigurationPlatforms) = preSolution
		Debug|x86 = Debug|x86
		Release|x86 = Release|x86
	EndGlobalSection
	GlobalSection(ProjectConfigurationPlatforms) = postSolution
		{1E220B06-17A9-4F38-9CDA-BCD858F5C856}.Debug|x86.ActiveCfg = Debug|x86
		{1E220B06-17A9-4F38-9CDA-BCD858F5C856}.Debug|x86.Build.0 = Debug|x86
		{1E220B06-17A9-4F38-9CDA-BCD858F5C856}.Release|x86.ActiveCfg = Release|x86
		{1E220B06-17A9-4F38-9CDA-BCD858F5C856}.Release|x86.Build.0 = Release|x86
	EndGlobalSection
	GlobalSection(SolutionProperties) = preSolution
		HideSolutionNode = FALSE
	EndGlobalSection
EndGlobal
